
Microsoft Visual Studio Solution File, Format Version 12.00
# Visual Studio Version 17
VisualStudioVersion = 17.4.33006.217
MinimumVisualStudioVersion = 10.0.40219.1
Project("{FAE04EC0-301F-11D3-BF4B-00C04F79EFBC}") = "WeiXinSchoolReport", "WeiXinSchoolReport.csproj", "{7983E52B-0F72-4A21-837F-9FF4382AD424}"
EndProject
Global
	GlobalSection(SolutionConfigurationPlatforms) = preSolution
		Debug|Any CPU = Debug|Any CPU
		Release|Any CPU = Release|Any CPU
	EndGlobalSection
	GlobalSection(ProjectConfigurationPlatforms) = postSolution
		{7983E52B-0F72-4A21-837F-9FF4382AD424}.Debug|Any CPU.ActiveCfg = Debug|Any CPU
		{7983E52B-0F72-4A21-837F-9FF4382AD424}.Debug|Any CPU.Build.0 = Debug|Any CPU
		{7983E52B-0F72-4A21-837F-9FF4382AD424}.Release|Any CPU.ActiveCfg = Release|Any CPU
		{7983E52B-0F72-4A21-837F-9FF4382AD424}.Release|Any CPU.Build.0 = Release|Any CPU
	EndGlobalSection
	GlobalSection(SolutionProperties) = preSolution
		HideSolutionNode = FALSE
	EndGlobalSection
	GlobalSection(ExtensibilityGlobals) = postSolution
		SolutionGuid = {D63F5C6F-752F-4289-A5E8-281BEEBBD7E5}
	EndGlobalSection
EndGlobal
